
Microsoft Visual Studio Solution File, Format Version 12.00
# Visual Studio Version 17
VisualStudioVersion = 17.13.35818.85 d17.13
MinimumVisualStudioVersion = 10.0.40219.1
Project("{FAE04EC0-301F-11D3-BF4B-00C04F79EFBC}") = "zadanie 1", "zadanie 1\zadanie 1.csproj", "{595294C3-B183-46FD-9A2A-01C3D1403136}"
EndProject
Global
	GlobalSection(SolutionConfigurationPlatforms) = preSolution
		Debug|Any CPU = Debug|Any CPU
		Release|Any CPU = Release|Any CPU
	EndGlobalSection
	GlobalSection(ProjectConfigurationPlatforms) = postSolution
		{595294C3-B183-46FD-9A2A-01C3D1403136}.Debug|Any CPU.ActiveCfg = Debug|Any CPU
		{595294C3-B183-46FD-9A2A-01C3D1403136}.Debug|Any CPU.Build.0 = Debug|Any CPU
		{595294C3-B183-46FD-9A2A-01C3D1403136}.Release|Any CPU.ActiveCfg = Release|Any CPU
		{595294C3-B183-46FD-9A2A-01C3D1403136}.Release|Any CPU.Build.0 = Release|Any CPU
	EndGlobalSection
	GlobalSection(SolutionProperties) = preSolution
		HideSolutionNode = FALSE
	EndGlobalSection
	GlobalSection(ExtensibilityGlobals) = postSolution
		SolutionGuid = {FCF932DE-F5FE-486B-9A17-076C0743EF07}
	EndGlobalSection
EndGlobal
